
Microsoft Visual Studio Solution File, Format Version 12.00
# Visual Studio 15
VisualStudioVersion = 15.0.28307.757
MinimumVisualStudioVersion = 10.0.40219.1
Project("{2150E333-8FDC-42A3-9474-1A3956D46DE8}") = "Web", "Web", "{E7C50D23-7C2E-40E1-B962-085A57A73B56}"
EndProject
Project("{2150E333-8FDC-42A3-9474-1A3956D46DE8}") = "Tests", "Tests", "{B5962108-D404-452A-8F64-A079A5A253BC}"
EndProject
Project("{2150E333-8FDC-42A3-9474-1A3956D46DE8}") = "BusinessLogic", "BusinessLogic", "{5CD52557-4936-47C0-B417-5E3462AE850E}"
EndProject
Project("{2150E333-8FDC-42A3-9474-1A3956D46DE8}") = "DataAccess", "DataAccess", "{AF088055-F26A-4210-A469-FE9B07B0B9ED}"
EndProject
Project("{2150E333-8FDC-42A3-9474-1A3956D46DE8}") = "Utilities", "Utilities", "{F570A060-8705-4871-BEBF-EDC4BC38C6CB}"
EndProject
Project("{2150E333-8FDC-42A3-9474-1A3956D46DE8}") = "CodeCoverage", "CodeCoverage", "{597BCA41-B0A3-4635-9D7C-0CA2436042F7}"
	ProjectSection(SolutionItems) = preProject
		runopencover.bat = runopencover.bat
	EndProjectSection
EndProject
Project("{2150E333-8FDC-42A3-9474-1A3956D46DE8}") = "PerformanceTest", "PerformanceTest", "{1DA2E886-DD24-4EAB-97F3-FE09B0134DC1}"
	ProjectSection(SolutionItems) = preProject
		runNBench.bat = runNBench.bat
	EndProjectSection
EndProject
Project("{FAE04EC0-301F-11D3-BF4B-00C04F79EFBC}") = "PM.Models", "PM.Models\PM.Models.csproj", "{0B6FED6B-F7F6-4297-85EB-3F4CA770FAB5}"
EndProject
Project("{FAE04EC0-301F-11D3-BF4B-00C04F79EFBC}") = "PM.DAL", "PM.DAL\PM.DAL.csproj", "{236A8120-1E98-4DB7-94E3-BFE1FEE76F82}"
EndProject
Project("{FAE04EC0-301F-11D3-BF4B-00C04F79EFBC}") = "PM.Utilities", "PM.Utilities\PM.Utilities.csproj", "{61EC4957-D530-4F86-8305-F25BD10447B1}"
EndProject
Project("{FAE04EC0-301F-11D3-BF4B-00C04F79EFBC}") = "PM.Web.Tests", "PM.Web.Tests\PM.Web.Tests.csproj", "{8D6939AB-3A8C-4D9C-BA10-FAC2EF685B0D}"
EndProject
Project("{FAE04EC0-301F-11D3-BF4B-00C04F79EFBC}") = "PM.Web", "PM.Web\PM.Web.csproj", "{9CF1150F-C9FD-4A85-9384-A523FCEAAFF7}"
EndProject
Project("{FAE04EC0-301F-11D3-BF4B-00C04F79EFBC}") = "PM.Extensions", "PM.Extensions\PM.Extensions.csproj", "{798B37F0-31EF-458A-91D0-1BB7444E9730}"
EndProject
Global
	GlobalSection(SolutionConfigurationPlatforms) = preSolution
		Debug|Any CPU = Debug|Any CPU
		Release|Any CPU = Release|Any CPU
	EndGlobalSection
	GlobalSection(ProjectConfigurationPlatforms) = postSolution
		{0B6FED6B-F7F6-4297-85EB-3F4CA770FAB5}.Debug|Any CPU.ActiveCfg = Debug|Any CPU
		{0B6FED6B-F7F6-4297-85EB-3F4CA770FAB5}.Debug|Any CPU.Build.0 = Debug|Any CPU
		{0B6FED6B-F7F6-4297-85EB-3F4CA770FAB5}.Release|Any CPU.ActiveCfg = Release|Any CPU
		{0B6FED6B-F7F6-4297-85EB-3F4CA770FAB5}.Release|Any CPU.Build.0 = Release|Any CPU
		{236A8120-1E98-4DB7-94E3-BFE1FEE76F82}.Debug|Any CPU.ActiveCfg = Debug|Any CPU
		{236A8120-1E98-4DB7-94E3-BFE1FEE76F82}.Debug|Any CPU.Build.0 = Debug|Any CPU
		{236A8120-1E98-4DB7-94E3-BFE1FEE76F82}.Release|Any CPU.ActiveCfg = Release|Any CPU
		{236A8120-1E98-4DB7-94E3-BFE1FEE76F82}.Release|Any CPU.Build.0 = Release|Any CPU
		{61EC4957-D530-4F86-8305-F25BD10447B1}.Debug|Any CPU.ActiveCfg = Debug|Any CPU
		{61EC4957-D530-4F86-8305-F25BD10447B1}.Debug|Any CPU.Build.0 = Debug|Any CPU
		{61EC4957-D530-4F86-8305-F25BD10447B1}.Release|Any CPU.ActiveCfg = Release|Any CPU
		{61EC4957-D530-4F86-8305-F25BD10447B1}.Release|Any CPU.Build.0 = Release|Any CPU
		{8D6939AB-3A8C-4D9C-BA10-FAC2EF685B0D}.Debug|Any CPU.ActiveCfg = Debug|Any CPU
		{8D6939AB-3A8C-4D9C-BA10-FAC2EF685B0D}.Debug|Any CPU.Build.0 = Debug|Any CPU
		{8D6939AB-3A8C-4D9C-BA10-FAC2EF685B0D}.Release|Any CPU.ActiveCfg = Release|Any CPU
		{8D6939AB-3A8C-4D9C-BA10-FAC2EF685B0D}.Release|Any CPU.Build.0 = Release|Any CPU
		{9CF1150F-C9FD-4A85-9384-A523FCEAAFF7}.Debug|Any CPU.ActiveCfg = Debug|Any CPU
		{9CF1150F-C9FD-4A85-9384-A523FCEAAFF7}.Debug|Any CPU.Build.0 = Debug|Any CPU
		{9CF1150F-C9FD-4A85-9384-A523FCEAAFF7}.Release|Any CPU.ActiveCfg = Release|Any CPU
		{9CF1150F-C9FD-4A85-9384-A523FCEAAFF7}.Release|Any CPU.Build.0 = Release|Any CPU
		{798B37F0-31EF-458A-91D0-1BB7444E9730}.Debug|Any CPU.ActiveCfg = Debug|Any CPU
		{798B37F0-31EF-458A-91D0-1BB7444E9730}.Debug|Any CPU.Build.0 = Debug|Any CPU
		{798B37F0-31EF-458A-91D0-1BB7444E9730}.Release|Any CPU.ActiveCfg = Release|Any CPU
		{798B37F0-31EF-458A-91D0-1BB7444E9730}.Release|Any CPU.Build.0 = Release|Any CPU
	EndGlobalSection
	GlobalSection(SolutionProperties) = preSolution
		HideSolutionNode = FALSE
	EndGlobalSection
	GlobalSection(NestedProjects) = preSolution
		{597BCA41-B0A3-4635-9D7C-0CA2436042F7} = {B5962108-D404-452A-8F64-A079A5A253BC}
		{1DA2E886-DD24-4EAB-97F3-FE09B0134DC1} = {B5962108-D404-452A-8F64-A079A5A253BC}
		{0B6FED6B-F7F6-4297-85EB-3F4CA770FAB5} = {5CD52557-4936-47C0-B417-5E3462AE850E}
		{236A8120-1E98-4DB7-94E3-BFE1FEE76F82} = {AF088055-F26A-4210-A469-FE9B07B0B9ED}
		{61EC4957-D530-4F86-8305-F25BD10447B1} = {F570A060-8705-4871-BEBF-EDC4BC38C6CB}
		{8D6939AB-3A8C-4D9C-BA10-FAC2EF685B0D} = {B5962108-D404-452A-8F64-A079A5A253BC}
		{9CF1150F-C9FD-4A85-9384-A523FCEAAFF7} = {E7C50D23-7C2E-40E1-B962-085A57A73B56}
		{798B37F0-31EF-458A-91D0-1BB7444E9730} = {E7C50D23-7C2E-40E1-B962-085A57A73B56}
	EndGlobalSection
	GlobalSection(ExtensibilityGlobals) = postSolution
		SolutionGuid = {EE0CC967-4945-4155-9C59-442E1746E1AC}
	EndGlobalSection
EndGlobal
