
Microsoft Visual Studio Solution File, Format Version 12.00
# Visual Studio 15
VisualStudioVersion = 15.0.28307.168
MinimumVisualStudioVersion = 10.0.40219.1
Project("{2150E333-8FDC-42A3-9474-1A3956D46DE8}") = "Web", "Web", "{E7C50D23-7C2E-40E1-B962-085A57A73B56}"
EndProject
Project("{FAE04EC0-301F-11D3-BF4B-00C04F79EFBC}") = "PM.Web", "PM.Web\PM.Web.csproj", "{99C2BBF7-5295-40F2-9CCE-3E3CA03C386C}"
EndProject
Project("{FAE04EC0-301F-11D3-BF4B-00C04F79EFBC}") = "PM.Extensions", "PM.Extensions\PM.Extensions.csproj", "{8CB9311A-23F9-46F7-81C7-71AE2B6D7B82}"
EndProject
Project("{2150E333-8FDC-42A3-9474-1A3956D46DE8}") = "Tests", "Tests", "{B5962108-D404-452A-8F64-A079A5A253BC}"
EndProject
Project("{FAE04EC0-301F-11D3-BF4B-00C04F79EFBC}") = "PM.Web.Tests", "PM.Web.Tests\PM.Web.Tests.csproj", "{CBF0BA2A-0CB4-4BD5-AE42-807A1C9F35D5}"
EndProject
Project("{2150E333-8FDC-42A3-9474-1A3956D46DE8}") = "BusinessLogic", "BusinessLogic", "{5CD52557-4936-47C0-B417-5E3462AE850E}"
EndProject
Project("{FAE04EC0-301F-11D3-BF4B-00C04F79EFBC}") = "PM.Models", "PM.Models\PM.Models.csproj", "{5CF30020-C9F4-4029-8548-5537B072400C}"
EndProject
Project("{FAE04EC0-301F-11D3-BF4B-00C04F79EFBC}") = "PM.Utilities", "PM.Utilities\PM.Utilities.csproj", "{1871DCC8-1FCF-4493-BCE5-78993FC5766D}"
EndProject
Project("{2150E333-8FDC-42A3-9474-1A3956D46DE8}") = "DataAccess", "DataAccess", "{AF088055-F26A-4210-A469-FE9B07B0B9ED}"
EndProject
Project("{FAE04EC0-301F-11D3-BF4B-00C04F79EFBC}") = "PM.DAL", "PM.DAL\PM.DAL.csproj", "{7090C113-A700-4DA2-8DE1-73F6F8AF0632}"
EndProject
Project("{2150E333-8FDC-42A3-9474-1A3956D46DE8}") = "Utilities", "Utilities", "{F570A060-8705-4871-BEBF-EDC4BC38C6CB}"
EndProject
Project("{2150E333-8FDC-42A3-9474-1A3956D46DE8}") = "CodeCoverage", "CodeCoverage", "{597BCA41-B0A3-4635-9D7C-0CA2436042F7}"
EndProject
Project("{2150E333-8FDC-42A3-9474-1A3956D46DE8}") = "PerformanceTest", "PerformanceTest", "{1DA2E886-DD24-4EAB-97F3-FE09B0134DC1}"
EndProject
Global
	GlobalSection(SolutionConfigurationPlatforms) = preSolution
		Debug|Any CPU = Debug|Any CPU
		Release|Any CPU = Release|Any CPU
	EndGlobalSection
	GlobalSection(ProjectConfigurationPlatforms) = postSolution
		{99C2BBF7-5295-40F2-9CCE-3E3CA03C386C}.Debug|Any CPU.ActiveCfg = Debug|Any CPU
		{99C2BBF7-5295-40F2-9CCE-3E3CA03C386C}.Debug|Any CPU.Build.0 = Debug|Any CPU
		{99C2BBF7-5295-40F2-9CCE-3E3CA03C386C}.Release|Any CPU.ActiveCfg = Release|Any CPU
		{99C2BBF7-5295-40F2-9CCE-3E3CA03C386C}.Release|Any CPU.Build.0 = Release|Any CPU
		{8CB9311A-23F9-46F7-81C7-71AE2B6D7B82}.Debug|Any CPU.ActiveCfg = Debug|Any CPU
		{8CB9311A-23F9-46F7-81C7-71AE2B6D7B82}.Debug|Any CPU.Build.0 = Debug|Any CPU
		{8CB9311A-23F9-46F7-81C7-71AE2B6D7B82}.Release|Any CPU.ActiveCfg = Release|Any CPU
		{8CB9311A-23F9-46F7-81C7-71AE2B6D7B82}.Release|Any CPU.Build.0 = Release|Any CPU
		{CBF0BA2A-0CB4-4BD5-AE42-807A1C9F35D5}.Debug|Any CPU.ActiveCfg = Debug|Any CPU
		{CBF0BA2A-0CB4-4BD5-AE42-807A1C9F35D5}.Debug|Any CPU.Build.0 = Debug|Any CPU
		{CBF0BA2A-0CB4-4BD5-AE42-807A1C9F35D5}.Release|Any CPU.ActiveCfg = Release|Any CPU
		{CBF0BA2A-0CB4-4BD5-AE42-807A1C9F35D5}.Release|Any CPU.Build.0 = Release|Any CPU
		{5CF30020-C9F4-4029-8548-5537B072400C}.Debug|Any CPU.ActiveCfg = Debug|Any CPU
		{5CF30020-C9F4-4029-8548-5537B072400C}.Debug|Any CPU.Build.0 = Debug|Any CPU
		{5CF30020-C9F4-4029-8548-5537B072400C}.Release|Any CPU.ActiveCfg = Release|Any CPU
		{5CF30020-C9F4-4029-8548-5537B072400C}.Release|Any CPU.Build.0 = Release|Any CPU
		{1871DCC8-1FCF-4493-BCE5-78993FC5766D}.Debug|Any CPU.ActiveCfg = Debug|Any CPU
		{1871DCC8-1FCF-4493-BCE5-78993FC5766D}.Debug|Any CPU.Build.0 = Debug|Any CPU
		{1871DCC8-1FCF-4493-BCE5-78993FC5766D}.Release|Any CPU.ActiveCfg = Release|Any CPU
		{1871DCC8-1FCF-4493-BCE5-78993FC5766D}.Release|Any CPU.Build.0 = Release|Any CPU
		{7090C113-A700-4DA2-8DE1-73F6F8AF0632}.Debug|Any CPU.ActiveCfg = Debug|Any CPU
		{7090C113-A700-4DA2-8DE1-73F6F8AF0632}.Debug|Any CPU.Build.0 = Debug|Any CPU
		{7090C113-A700-4DA2-8DE1-73F6F8AF0632}.Release|Any CPU.ActiveCfg = Release|Any CPU
		{7090C113-A700-4DA2-8DE1-73F6F8AF0632}.Release|Any CPU.Build.0 = Release|Any CPU
	EndGlobalSection
	GlobalSection(SolutionProperties) = preSolution
		HideSolutionNode = FALSE
	EndGlobalSection
	GlobalSection(NestedProjects) = preSolution
		{99C2BBF7-5295-40F2-9CCE-3E3CA03C386C} = {E7C50D23-7C2E-40E1-B962-085A57A73B56}
		{8CB9311A-23F9-46F7-81C7-71AE2B6D7B82} = {E7C50D23-7C2E-40E1-B962-085A57A73B56}
		{CBF0BA2A-0CB4-4BD5-AE42-807A1C9F35D5} = {B5962108-D404-452A-8F64-A079A5A253BC}
		{5CF30020-C9F4-4029-8548-5537B072400C} = {5CD52557-4936-47C0-B417-5E3462AE850E}
		{1871DCC8-1FCF-4493-BCE5-78993FC5766D} = {F570A060-8705-4871-BEBF-EDC4BC38C6CB}
		{7090C113-A700-4DA2-8DE1-73F6F8AF0632} = {AF088055-F26A-4210-A469-FE9B07B0B9ED}
		{597BCA41-B0A3-4635-9D7C-0CA2436042F7} = {B5962108-D404-452A-8F64-A079A5A253BC}
		{1DA2E886-DD24-4EAB-97F3-FE09B0134DC1} = {B5962108-D404-452A-8F64-A079A5A253BC}
	EndGlobalSection
	GlobalSection(ExtensibilityGlobals) = postSolution
		SolutionGuid = {EE0CC967-4945-4155-9C59-442E1746E1AC}
	EndGlobalSection
EndGlobal
